// !$*UTF8*$!
{
	archiveVersion = 1;
	classes = {
	};
	objectVersion = 46;
	objects = {

/* Begin PBXBuildFile section */
		AF538A6F1B99D30D00A56962 /* AppDelegate.swift in Sources */ = {isa = PBXBuildFile; fileRef = AF538A6E1B99D30D00A56962 /* AppDelegate.swift */; };
		AF538A711B99D30D00A56962 /* ViewController.swift in Sources */ = {isa = PBXBuildFile; fileRef = AF538A701B99D30D00A56962 /* ViewController.swift */; };
		AF538A741B99D30D00A56962 /* Main.storyboard in Resources */ = {isa = PBXBuildFile; fileRef = AF538A721B99D30D00A56962 /* Main.storyboard */; };
		AF538A761B99D30D00A56962 /* Images.xcassets in Resources */ = {isa = PBXBuildFile; fileRef = AF538A751B99D30D00A56962 /* Images.xcassets */; };
		AF538A791B99D30D00A56962 /* LaunchScreen.xib in Resources */ = {isa = PBXBuildFile; fileRef = AF538A771B99D30D00A56962 /* LaunchScreen.xib */; };
		AF538A851B99D30D00A56962 /* GitTestTests.swift in Sources */ = {isa = PBXBuildFile; fileRef = AF538A841B99D30D00A56962 /* GitTestTests.swift */; };
/* End PBXBuildFile section */

/* Begin PBXContainerItemProxy section */
		AF538A7F1B99D30D00A56962 /* PBXContainerItemProxy */ = {
			isa = PBXContainerItemProxy;
			containerPortal = AF538A611B99D30D00A56962 /* Project object */;
			proxyType = 1;
			remoteGlobalIDString = AF538A681B99D30D00A56962;
			remoteInfo = GitTest;
		};
/* End PBXContainerItemProxy section */

/* Begin PBXFileReference section */
		AF538A691B99D30D00A56962 /* GitTest.app */ = {isa = PBXFileReference; explicitFileType = wrapper.application; includeInIndex = 0; path = GitTest.app; sourceTree = BUILT_PRODUCTS_DIR; };
		AF538A6D1B99D30D00A56962 /* Info.plist */ = {isa = PBXFileReference; lastKnownFileType = text.plist.xml; path = Info.plist; sourceTree = "<group>"; };
		AF538A6E1B99D30D00A56962 /* AppDelegate.swift */ = {isa = PBXFileReference; lastKnownFileType = sourcecode.swift; path = AppDelegate.swift; sourceTree = "<group>"; };
		AF538A701B99D30D00A56962 /* ViewController.swift */ = {isa = PBXFileReference; lastKnownFileType = sourcecode.swift; path = ViewController.swift; sourceTree = "<group>"; };
		AF538A731B99D30D00A56962 /* Base */ = {isa = PBXFileReference; lastKnownFileType = file.storyboard; name = Base; path = Base.lproj/Main.storyboard; sourceTree = "<group>"; };
		AF538A751B99D30D00A56962 /* Images.xcassets */ = {isa = PBXFileReference; lastKnownFileType = folder.assetcatalog; path = Images.xcassets; sourceTree = "<group>"; };
		AF538A781B99D30D00A56962 /* Base */ = {isa = PBXFileReference; lastKnownFileType = file.xib; name = Base; path = Base.lproj/LaunchScreen.xib; sourceTree = "<group>"; };
		AF538A7E1B99D30D00A56962 /* GitTestTests.xctest */ = {isa = PBXFileReference; explicitFileType = wrapper.cfbundle; includeInIndex = 0; path = GitTestTests.xctest; sourceTree = BUILT_PRODUCTS_DIR; };
		AF538A831B99D30D00A56962 /* Info.plist */ = {isa = PBXFileReference; lastKnownFileType = text.plist.xml; path = Info.plist; sourceTree = "<group>"; };
		AF538A841B99D30D00A56962 /* GitTestTests.swift */ = {isa = PBXFileReference; lastKnownFileType = sourcecode.swift; path = GitTestTests.swift; sourceTree = "<group>"; };
/* End PBXFileReference section */

/* Begin PBXFrameworksBuildPhase section */
		AF538A661B99D30D00A56962 /* Frameworks */ = {
			isa = PBXFrameworksBuildPhase;
			buildActionMask = 2147483647;
			files = (
			);
			runOnlyForDeploymentPostprocessing = 0;
		};
		AF538A7B1B99D30D00A56962 /* Frameworks */ = {
			isa = PBXFrameworksBuildPhase;
			buildActionMask = 2147483647;
			files = (
			);
			runOnlyForDeploymentPostprocessing = 0;
		};
/* End PBXFrameworksBuildPhase section */

/* Begin PBXGroup section */
		AF538A601B99D30D00A56962 = {
			isa = PBXGroup;
			children = (
				AF538A6B1B99D30D00A56962 /* GitTest */,
				AF538A811B99D30D00A56962 /* GitTestTests */,
				AF538A6A1B99D30D00A56962 /* Products */,
			);
			sourceTree = "<group>";
		};
		AF538A6A1B99D30D00A56962 /* Products */ = {
			isa = PBXGroup;
			children = (
				AF538A691B99D30D00A56962 /* GitTest.app */,
				AF538A7E1B99D30D00A56962 /* GitTestTests.xctest */,
			);
			name = Products;
			sourceTree = "<group>";
		};
		AF538A6B1B99D30D00A56962 /* GitTest */ = {
			isa = PBXGroup;
			children = (
				AF538A6E1B99D30D00A56962 /* AppDelegate.swift */,
				AF538A701B99D30D00A56962 /* ViewController.swift */,
				AF538A721B99D30D00A56962 /* Main.storyboard */,
				AF538A751B99D30D00A56962 /* Images.xcassets */,
				AF538A771B99D30D00A56962 /* LaunchScreen.xib */,
				AF538A6C1B99D30D00A56962 /* Supporting Files */,
			);
			path = GitTest;
			sourceTree = "<group>";
		};
		AF538A6C1B99D30D00A56962 /* Supporting Files */ = {
			isa = PBXGroup;
			children = (
				AF538A6D1B99D30D00A56962 /* Info.plist */,
			);
			name = "Supporting Files";
			sourceTree = "<group>";
		};
		AF538A811B99D30D00A56962 /* GitTestTests */ = {
			isa = PBXGroup;
			children = (
				AF538A841B99D30D00A56962 /* GitTestTests.swift */,
				AF538A821B99D30D00A56962 /* Supporting Files */,
			);
			path = GitTestTests;
			sourceTree = "<group>";
		};
		AF538A821B99D30D00A56962 /* Supporting Files */ = {
			isa = PBXGroup;
			children = (
				AF538A831B99D30D00A56962 /* Info.plist */,
			);
			name = "Supporting Files";
			sourceTree = "<group>";
		};
/* End PBXGroup section */

/* Begin PBXNativeTarget section */
		AF538A681B99D30D00A56962 /* GitTest */ = {
			isa = PBXNativeTarget;
			buildConfigurationList = AF538A881B99D30D00A56962 /* Build configuration list for PBXNativeTarget "GitTest" */;
			buildPhases = (
				AF538A651B99D30D00A56962 /* Sources */,
				AF538A661B99D30D00A56962 /* Frameworks */,
				AF538A671B99D30D00A56962 /* Resources */,
			);
			buildRules = (
			);
			dependencies = (
			);
			name = GitTest;
			productName = GitTest;
			productReference = AF538A691B99D30D00A56962 /* GitTest.app */;
			productType = "com.apple.product-type.application";
		};
		AF538A7D1B99D30D00A56962 /* GitTestTests */ = {
			isa = PBXNativeTarget;
			buildConfigurationList = AF538A8B1B99D30D00A56962 /* Build configuration list for PBXNativeTarget "GitTestTests" */;
			buildPhases = (
				AF538A7A1B99D30D00A56962 /* Sources */,
				AF538A7B1B99D30D00A56962 /* Frameworks */,
				AF538A7C1B99D30D00A56962 /* Resources */,
			);
			buildRules = (
			);
			dependencies = (
				AF538A801B99D30D00A56962 /* PBXTargetDependency */,
			);
			name = GitTestTests;
			productName = GitTestTests;
			productReference = AF538A7E1B99D30D00A56962 /* GitTestTests.xctest */;
			productType = "com.apple.product-type.bundle.unit-test";
		};
/* End PBXNativeTarget section */

/* Begin PBXProject section */
		AF538A611B99D30D00A56962 /* Project object */ = {
			isa = PBXProject;
			attributes = {
				LastUpgradeCheck = 0640;
				ORGANIZATIONNAME = "Kromyko Cruzado";
				TargetAttributes = {
					AF538A681B99D30D00A56962 = {
						CreatedOnToolsVersion = 6.4;
					};
					AF538A7D1B99D30D00A56962 = {
						CreatedOnToolsVersion = 6.4;
						TestTargetID = AF538A681B99D30D00A56962;
					};
				};
			};
			buildConfigurationList = AF538A641B99D30D00A56962 /* Build configuration list for PBXProject "GitTest" */;
			compatibilityVersion = "Xcode 3.2";
			developmentRegion = English;
			hasScannedForEncodings = 0;
			knownRegions = (
				en,
				Base,
			);
			mainGroup = AF538A601B99D30D00A56962;
			productRefGroup = AF538A6A1B99D30D00A56962 /* Products */;
			projectDirPath = "";
			projectRoot = "";
			targets = (
				AF538A681B99D30D00A56962 /* GitTest */,
				AF538A7D1B99D30D00A56962 /* GitTestTests */,
			);
		};
/* End PBXProject section */

/* Begin PBXResourcesBuildPhase section */
		AF538A671B99D30D00A56962 /* Resources */ = {
			isa = PBXResourcesBuildPhase;
			buildActionMask = 2147483647;
			files = (
				AF538A741B99D30D00A56962 /* Main.storyboard in Resources */,
				AF538A791B99D30D00A56962 /* LaunchScreen.xib in Resources */,
				AF538A761B99D30D00A56962 /* Images.xcassets in Resources */,
			);
			runOnlyForDeploymentPostprocessing = 0;
		};
		AF538A7C1B99D30D00A56962 /* Resources */ = {
			isa = PBXResourcesBuildPhase;
			buildActionMask = 2147483647;
			files = (
			);
			runOnlyForDeploymentPostprocessing = 0;
		};
/* End PBXResourcesBuildPhase section */

/* Begin PBXSourcesBuildPhase section */
		AF538A651B99D30D00A56962 /* Sources */ = {
			isa = PBXSourcesBuildPhase;
			buildActionMask = 2147483647;
			files = (
				AF538A711B99D30D00A56962 /* ViewController.swift in Sources */,
				AF538A6F1B99D30D00A56962 /* AppDelegate.swift in Sources */,
			);
			runOnlyForDeploymentPostprocessing = 0;
		};
		AF538A7A1B99D30D00A56962 /* Sources */ = {
			isa = PBXSourcesBuildPhase;
			buildActionMask = 2147483647;
			files = (
				AF538A851B99D30D00A56962 /* GitTestTests.swift in Sources */,
			);
			runOnlyForDeploymentPostprocessing = 0;
		};
/* End PBXSourcesBuildPhase section */

/* Begin PBXTargetDependency section */
		AF538A801B99D30D00A56962 /* PBXTargetDependency */ = {
			isa = PBXTargetDependency;
			target = AF538A681B99D30D00A56962 /* GitTest */;
			targetProxy = AF538A7F1B99D30D00A56962 /* PBXContainerItemProxy */;
		};
/* End PBXTargetDependency section */

/* Begin PBXVariantGroup section */
		AF538A721B99D30D00A56962 /* Main.storyboard */ = {
			isa = PBXVariantGroup;
			children = (
				AF538A731B99D30D00A56962 /* Base */,
			);
			name = Main.storyboard;
			sourceTree = "<group>";
		};
		AF538A771B99D30D00A56962 /* LaunchScreen.xib */ = {
			isa = PBXVariantGroup;
			children = (
				AF538A781B99D30D00A56962 /* Base */,
			);
			name = LaunchScreen.xib;
			sourceTree = "<group>";
		};
/* End PBXVariantGroup section */

/* Begin XCBuildConfiguration section */
		AF538A861B99D30D00A56962 /* Debug */ = {
			isa = XCBuildConfiguration;
			buildSettings = {
				ALWAYS_SEARCH_USER_PATHS = NO;
				CLANG_CXX_LANGUAGE_STANDARD = "gnu++0x";
				CLANG_CXX_LIBRARY = "libc++";
				CLANG_ENABLE_MODULES = YES;
				CLANG_ENABLE_OBJC_ARC = YES;
				CLANG_WARN_BOOL_CONVERSION = YES;
				CLANG_WARN_CONSTANT_CONVERSION = YES;
				CLANG_WARN_DIRECT_OBJC_ISA_USAGE = YES_ERROR;
				CLANG_WARN_EMPTY_BODY = YES;
				CLANG_WARN_ENUM_CONVERSION = YES;
				CLANG_WARN_INT_CONVERSION = YES;
				CLANG_WARN_OBJC_ROOT_CLASS = YES_ERROR;
				CLANG_WARN_UNREACHABLE_CODE = YES;
				CLANG_WARN__DUPLICATE_METHOD_MATCH = YES;
				"CODE_SIGN_IDENTITY[sdk=iphoneos*]" = "iPhone Developer";
				COPY_PHASE_STRIP = NO;
				DEBUG_INFORMATION_FORMAT = "dwarf-with-dsym";
				ENABLE_STRICT_OBJC_MSGSEND = YES;
				GCC_C_LANGUAGE_STANDARD = gnu99;
				GCC_DYNAMIC_NO_PIC = NO;
				GCC_NO_COMMON_BLOCKS = YES;
				GCC_OPTIMIZATION_LEVEL = 0;
				GCC_PREPROCESSOR_DEFINITIONS = (
					"DEBUG=1",
					"$(inherited)",
				);
				GCC_SYMBOLS_PRIVATE_EXTERN = NO;
				GCC_WARN_64_TO_32_BIT_CONVERSION = YES;
				GCC_WARN_ABOUT_RETURN_TYPE = YES_ERROR;
				GCC_WARN_UNDECLARED_SELECTOR = YES;
				GCC_WARN_UNINITIALIZED_AUTOS = YES_AGGRESSIVE;
				GCC_WARN_UNUSED_FUNCTION = YES;
				GCC_WARN_UNUSED_VARIABLE = YES;
				IPHONEOS_DEPLOYMENT_TARGET = 8.4;
				MTL_ENABLE_DEBUG_INFO = YES;
				ONLY_ACTIVE_ARCH = YES;
				SDKROOT = iphoneos;
				SWIFT_OPTIMIZATION_LEVEL = "-Onone";
				TARGETED_DEVICE_FAMILY = "1,2";
			};
			name = Debug;
		};
		AF538A871B99D30D00A56962 /* Release */ = {
			isa = XCBuildConfiguration;
			buildSettings = {
				ALWAYS_SEARCH_USER_PATHS = NO;
				CLANG_CXX_LANGUAGE_STANDARD = "gnu++0x";
				CLANG_CXX_LIBRARY = "libc++";
				CLANG_ENABLE_MODULES = YES;
				CLANG_ENABLE_OBJC_ARC = YES;
				CLANG_WARN_BOOL_CONVERSION = YES;
				CLANG_WARN_CONSTANT_CONVERSION = YES;
				CLANG_WARN_DIRECT_OBJC_ISA_USAGE = YES_ERROR;
				CLANG_WARN_EMPTY_BODY = YES;
				CLANG_WARN_ENUM_CONVERSION = YES;
				CLANG_WARN_INT_CONVERSION = YES;
				CLANG_WARN_OBJC_ROOT_CLASS = YES_ERROR;
				CLANG_WARN_UNREACHABLE_CODE = YES;
				CLANG_WARN__DUPLICATE_METHOD_MATCH = YES;
				"CODE_SIGN_IDENTITY[sdk=iphoneos*]" = "iPhone Developer";
				COPY_PHASE_STRIP = NO;
				DEBUG_INFORMATION_FORMAT = "dwarf-with-dsym";
				ENABLE_NS_ASSERTIONS = NO;
				ENABLE_STRICT_OBJC_MSGSEND = YES;
				GCC_C_LANGUAGE_STANDARD = gnu99;
				GCC_NO_COMMON_BLOCKS = YES;
				GCC_WARN_64_TO_32_BIT_CONVERSION = YES;
				GCC_WARN_ABOUT_RETURN_TYPE = YES_ERROR;
				GCC_WARN_UNDECLARED_SELECTOR = YES;
				GCC_WARN_UNINITIALIZED_AUTOS = YES_AGGRESSIVE;
				GCC_WARN_UNUSED_FUNCTION = YES;
				GCC_WARN_UNUSED_VARIABLE = YES;
				IPHONEOS_DEPLOYMENT_TARGET = 8.4;
				MTL_ENABLE_DEBUG_INFO = NO;
				SDKROOT = iphoneos;
				TARGETED_DEVICE_FAMILY = "1,2";
				VALIDATE_PRODUCT = YES;
			};
			name = Release;
		};
		AF538A891B99D30D00A56962 /* Debug */ = {
			isa = XCBuildConfiguration;
			buildSettings = {
				ASSETCATALOG_COMPILER_APPICON_NAME = AppIcon;
				INFOPLIST_FILE = GitTest/Info.plist;
				LD_RUNPATH_SEARCH_PATHS = "$(inherited) @executable_path/Frameworks";
				PRODUCT_NAME = "$(TARGET_NAME)";
			};
			name = Debug;
		};
		AF538A8A1B99D30D00A56962 /* Release */ = {
			isa = XCBuildConfiguration;
			buildSettings = {
				ASSETCATALOG_COMPILER_APPICON_NAME = AppIcon;
				INFOPLIST_FILE = GitTest/Info.plist;
				LD_RUNPATH_SEARCH_PATHS = "$(inherited) @executable_path/Frameworks";
				PRODUCT_NAME = "$(TARGET_NAME)";
			};
			name = Release;
		};
		AF538A8C1B99D30D00A56962 /* Debug */ = {
			isa = XCBuildConfiguration;
			buildSettings = {
				BUNDLE_LOADER = "$(TEST_HOST)";
				FRAMEWORK_SEARCH_PATHS = (
					"$(SDKROOT)/Developer/Library/Frameworks",
					"$(inherited)",
				);
				GCC_PREPROCESSOR_DEFINITIONS = (
					"DEBUG=1",
					"$(inherited)",
				);
				INFOPLIST_FILE = GitTestTests/Info.plist;
				LD_RUNPATH_SEARCH_PATHS = "$(inherited) @executable_path/Frameworks @loader_path/Frameworks";
				PRODUCT_NAME = "$(TARGET_NAME)";
				TEST_HOST = "$(BUILT_PRODUCTS_DIR)/GitTest.app/GitTest";
			};
			name = Debug;
		};
		AF538A8D1B99D30D00A56962 /* Release */ = {
			isa = XCBuildConfiguration;
			buildSettings = {
				BUNDLE_LOADER = "$(TEST_HOST)";
				FRAMEWORK_SEARCH_PATHS = (
					"$(SDKROOT)/Developer/Library/Frameworks",
					"$(inherited)",
				);
				INFOPLIST_FILE = GitTestTests/Info.plist;
				LD_RUNPATH_SEARCH_PATHS = "$(inherited) @executable_path/Frameworks @loader_path/Frameworks";
				PRODUCT_NAME = "$(TARGET_NAME)";
				TEST_HOST = "$(BUILT_PRODUCTS_DIR)/GitTest.app/GitTest";
			};
			name = Release;
		};
/* End XCBuildConfiguration section */

/* Begin XCConfigurationList section */
		AF538A641B99D30D00A56962 /* Build configuration list for PBXProject "GitTest" */ = {
			isa = XCConfigurationList;
			buildConfigurations = (
				AF538A861B99D30D00A56962 /* Debug */,
				AF538A871B99D30D00A56962 /* Release */,
			);
			defaultConfigurationIsVisible = 0;
			defaultConfigurationName = Release;
		};
		AF538A881B99D30D00A56962 /* Build configuration list for PBXNativeTarget "GitTest" */ = {
			isa = XCConfigurationList;
			buildConfigurations = (
				AF538A891B99D30D00A56962 /* Debug */,
				AF538A8A1B99D30D00A56962 /* Release */,
			);
			defaultConfigurationIsVisible = 0;
		};
		AF538A8B1B99D30D00A56962 /* Build configuration list for PBXNativeTarget "GitTestTests" */ = {
			isa = XCConfigurationList;
			buildConfigurations = (
				AF538A8C1B99D30D00A56962 /* Debug */,
				AF538A8D1B99D30D00A56962 /* Release */,
			);
			defaultConfigurationIsVisible = 0;
		};
/* End XCConfigurationList section */
	};
	rootObject = AF538A611B99D30D00A56962 /* Project object */;
}
